// !$*UTF8*$!
{
	archiveVersion = 1;
	classes = {
	};
	objectVersion = 46;
	objects = {

/* Begin PBXBuildFile section */
		2415AA0A1D0181D0000223BB /* demo.flv in Resources */ = {isa = PBXBuildFile; fileRef = 2415AA091D0180BF000223BB /* demo.flv */; };
		24221D491D007CEB00265880 /* AppDelegate.swift in Sources */ = {isa = PBXBuildFile; fileRef = 24221D481D007CEB00265880 /* AppDelegate.swift */; };
		24221D4B1D007CEB00265880 /* ViewController.swift in Sources */ = {isa = PBXBuildFile; fileRef = 24221D4A1D007CEB00265880 /* ViewController.swift */; };
		24221D4E1D007CEB00265880 /* Main.storyboard in Resources */ = {isa = PBXBuildFile; fileRef = 24221D4C1D007CEB00265880 /* Main.storyboard */; };
		24221D501D007CEB00265880 /* Assets.xcassets in Resources */ = {isa = PBXBuildFile; fileRef = 24221D4F1D007CEB00265880 /* Assets.xcassets */; };
		24221D531D007CEB00265880 /* LaunchScreen.storyboard in Resources */ = {isa = PBXBuildFile; fileRef = 24221D511D007CEB00265880 /* LaunchScreen.storyboard */; };
		24221D6A1D007D2E00265880 /* amf.c in Sources */ = {isa = PBXBuildFile; fileRef = 24221D5C1D007D2E00265880 /* amf.c */; };
		24221D6B1D007D2E00265880 /* hashswf.c in Sources */ = {isa = PBXBuildFile; fileRef = 24221D621D007D2E00265880 /* hashswf.c */; };
		24221D6C1D007D2E00265880 /* log.c in Sources */ = {isa = PBXBuildFile; fileRef = 24221D641D007D2E00265880 /* log.c */; };
		24221D6D1D007D2E00265880 /* parseurl.c in Sources */ = {isa = PBXBuildFile; fileRef = 24221D661D007D2E00265880 /* parseurl.c */; };
		24221D6E1D007D2E00265880 /* rtmp.c in Sources */ = {isa = PBXBuildFile; fileRef = 24221D681D007D2E00265880 /* rtmp.c */; };
		24221D701D007D8700265880 /* RTMPClient.swift in Sources */ = {isa = PBXBuildFile; fileRef = 24221D6F1D007D8700265880 /* RTMPClient.swift */; };
/* End PBXBuildFile section */

/* Begin PBXFileReference section */
		2415AA091D0180BF000223BB /* demo.flv */ = {isa = PBXFileReference; lastKnownFileType = file; path = demo.flv; sourceTree = "<group>"; };
		24221D451D007CEB00265880 /* librtmpDemo.app */ = {isa = PBXFileReference; explicitFileType = wrapper.application; includeInIndex = 0; path = librtmpDemo.app; sourceTree = BUILT_PRODUCTS_DIR; };
		24221D481D007CEB00265880 /* AppDelegate.swift */ = {isa = PBXFileReference; lastKnownFileType = sourcecode.swift; path = AppDelegate.swift; sourceTree = "<group>"; };
		24221D4A1D007CEB00265880 /* ViewController.swift */ = {isa = PBXFileReference; lastKnownFileType = sourcecode.swift; path = ViewController.swift; sourceTree = "<group>"; };
		24221D4D1D007CEB00265880 /* Base */ = {isa = PBXFileReference; lastKnownFileType = file.storyboard; name = Base; path = Base.lproj/Main.storyboard; sourceTree = "<group>"; };
		24221D4F1D007CEB00265880 /* Assets.xcassets */ = {isa = PBXFileReference; lastKnownFileType = folder.assetcatalog; path = Assets.xcassets; sourceTree = "<group>"; };
		24221D521D007CEB00265880 /* Base */ = {isa = PBXFileReference; lastKnownFileType = file.storyboard; name = Base; path = Base.lproj/LaunchScreen.storyboard; sourceTree = "<group>"; };
		24221D541D007CEB00265880 /* Info.plist */ = {isa = PBXFileReference; lastKnownFileType = text.plist.xml; path = Info.plist; sourceTree = "<group>"; };
		24221D5B1D007D2D00265880 /* librtmpDemo-Bridging-Header.h */ = {isa = PBXFileReference; lastKnownFileType = sourcecode.c.h; path = "librtmpDemo-Bridging-Header.h"; sourceTree = "<group>"; };
		24221D5C1D007D2E00265880 /* amf.c */ = {isa = PBXFileReference; fileEncoding = 4; lastKnownFileType = sourcecode.c.c; path = amf.c; sourceTree = "<group>"; };
		24221D5D1D007D2E00265880 /* amf.h */ = {isa = PBXFileReference; fileEncoding = 4; lastKnownFileType = sourcecode.c.h; path = amf.h; sourceTree = "<group>"; };
		24221D5E1D007D2E00265880 /* bytes.h */ = {isa = PBXFileReference; fileEncoding = 4; lastKnownFileType = sourcecode.c.h; path = bytes.h; sourceTree = "<group>"; };
		24221D5F1D007D2E00265880 /* dh.h */ = {isa = PBXFileReference; fileEncoding = 4; lastKnownFileType = sourcecode.c.h; path = dh.h; sourceTree = "<group>"; };
		24221D601D007D2E00265880 /* dhgroups.h */ = {isa = PBXFileReference; fileEncoding = 4; lastKnownFileType = sourcecode.c.h; path = dhgroups.h; sourceTree = "<group>"; };
		24221D611D007D2E00265880 /* handshake.h */ = {isa = PBXFileReference; fileEncoding = 4; lastKnownFileType = sourcecode.c.h; path = handshake.h; sourceTree = "<group>"; };
		24221D621D007D2E00265880 /* hashswf.c */ = {isa = PBXFileReference; fileEncoding = 4; lastKnownFileType = sourcecode.c.c; path = hashswf.c; sourceTree = "<group>"; };
		24221D631D007D2E00265880 /* http.h */ = {isa = PBXFileReference; fileEncoding = 4; lastKnownFileType = sourcecode.c.h; path = http.h; sourceTree = "<group>"; };
		24221D641D007D2E00265880 /* log.c */ = {isa = PBXFileReference; fileEncoding = 4; lastKnownFileType = sourcecode.c.c; path = log.c; sourceTree = "<group>"; };
		24221D651D007D2E00265880 /* log.h */ = {isa = PBXFileReference; fileEncoding = 4; lastKnownFileType = sourcecode.c.h; path = log.h; sourceTree = "<group>"; };
		24221D661D007D2E00265880 /* parseurl.c */ = {isa = PBXFileReference; fileEncoding = 4; lastKnownFileType = sourcecode.c.c; path = parseurl.c; sourceTree = "<group>"; };
		24221D671D007D2E00265880 /* rtmp_sys.h */ = {isa = PBXFileReference; fileEncoding = 4; lastKnownFileType = sourcecode.c.h; path = rtmp_sys.h; sourceTree = "<group>"; };
		24221D681D007D2E00265880 /* rtmp.c */ = {isa = PBXFileReference; fileEncoding = 4; lastKnownFileType = sourcecode.c.c; path = rtmp.c; sourceTree = "<group>"; };
		24221D691D007D2E00265880 /* rtmp.h */ = {isa = PBXFileReference; fileEncoding = 4; lastKnownFileType = sourcecode.c.h; path = rtmp.h; sourceTree = "<group>"; };
		24221D6F1D007D8700265880 /* RTMPClient.swift */ = {isa = PBXFileReference; fileEncoding = 4; lastKnownFileType = sourcecode.swift; path = RTMPClient.swift; sourceTree = "<group>"; };
/* End PBXFileReference section */

/* Begin PBXFrameworksBuildPhase section */
		24221D421D007CEB00265880 /* Frameworks */ = {
			isa = PBXFrameworksBuildPhase;
			buildActionMask = 2147483647;
			files = (
			);
			runOnlyForDeploymentPostprocessing = 0;
		};
/* End PBXFrameworksBuildPhase section */

/* Begin PBXGroup section */
		24221D3C1D007CEB00265880 = {
			isa = PBXGroup;
			children = (
				24221D471D007CEB00265880 /* librtmpDemo */,
				24221D461D007CEB00265880 /* Products */,
			);
			sourceTree = "<group>";
		};
		24221D461D007CEB00265880 /* Products */ = {
			isa = PBXGroup;
			children = (
				24221D451D007CEB00265880 /* librtmpDemo.app */,
			);
			name = Products;
			sourceTree = "<group>";
		};
		24221D471D007CEB00265880 /* librtmpDemo */ = {
			isa = PBXGroup;
			children = (
				24221D5A1D007D0300265880 /* librtmp */,
				24221D481D007CEB00265880 /* AppDelegate.swift */,
				24221D4A1D007CEB00265880 /* ViewController.swift */,
				24221D4C1D007CEB00265880 /* Main.storyboard */,
				24221D4F1D007CEB00265880 /* Assets.xcassets */,
				24221D511D007CEB00265880 /* LaunchScreen.storyboard */,
				24221D541D007CEB00265880 /* Info.plist */,
				2415AA091D0180BF000223BB /* demo.flv */,
			);
			path = librtmpDemo;
			sourceTree = "<group>";
		};
		24221D5A1D007D0300265880 /* librtmp */ = {
			isa = PBXGroup;
			children = (
				24221D5C1D007D2E00265880 /* amf.c */,
				24221D5D1D007D2E00265880 /* amf.h */,
				24221D5E1D007D2E00265880 /* bytes.h */,
				24221D5F1D007D2E00265880 /* dh.h */,
				24221D601D007D2E00265880 /* dhgroups.h */,
				24221D611D007D2E00265880 /* handshake.h */,
				24221D621D007D2E00265880 /* hashswf.c */,
				24221D631D007D2E00265880 /* http.h */,
				24221D641D007D2E00265880 /* log.c */,
				24221D651D007D2E00265880 /* log.h */,
				24221D661D007D2E00265880 /* parseurl.c */,
				24221D671D007D2E00265880 /* rtmp_sys.h */,
				24221D681D007D2E00265880 /* rtmp.c */,
				24221D691D007D2E00265880 /* rtmp.h */,
				24221D5B1D007D2D00265880 /* librtmpDemo-Bridging-Header.h */,
				24221D6F1D007D8700265880 /* RTMPClient.swift */,
			);
			name = librtmp;
			sourceTree = "<group>";
		};
/* End PBXGroup section */

/* Begin PBXNativeTarget section */
		24221D441D007CEB00265880 /* librtmpDemo */ = {
			isa = PBXNativeTarget;
			buildConfigurationList = 24221D571D007CEB00265880 /* Build configuration list for PBXNativeTarget "librtmpDemo" */;
			buildPhases = (
				24221D411D007CEB00265880 /* Sources */,
				24221D421D007CEB00265880 /* Frameworks */,
				24221D431D007CEB00265880 /* Resources */,
			);
			buildRules = (
			);
			dependencies = (
			);
			name = librtmpDemo;
			productName = librtmpDemo;
			productReference = 24221D451D007CEB00265880 /* librtmpDemo.app */;
			productType = "com.apple.product-type.application";
		};
/* End PBXNativeTarget section */

/* Begin PBXProject section */
		24221D3D1D007CEB00265880 /* Project object */ = {
			isa = PBXProject;
			attributes = {
				LastSwiftUpdateCheck = 0730;
				LastUpgradeCheck = 0730;
				ORGANIZATIONNAME = swiftc.org;
				TargetAttributes = {
					24221D441D007CEB00265880 = {
						CreatedOnToolsVersion = 7.3.1;
						DevelopmentTeam = 58TBAPTS62;
					};
				};
			};
			buildConfigurationList = 24221D401D007CEB00265880 /* Build configuration list for PBXProject "librtmpDemo" */;
			compatibilityVersion = "Xcode 3.2";
			developmentRegion = English;
			hasScannedForEncodings = 0;
			knownRegions = (
				en,
				Base,
			);
			mainGroup = 24221D3C1D007CEB00265880;
			productRefGroup = 24221D461D007CEB00265880 /* Products */;
			projectDirPath = "";
			projectRoot = "";
			targets = (
				24221D441D007CEB00265880 /* librtmpDemo */,
			);
		};
/* End PBXProject section */

/* Begin PBXResourcesBuildPhase section */
		24221D431D007CEB00265880 /* Resources */ = {
			isa = PBXResourcesBuildPhase;
			buildActionMask = 2147483647;
			files = (
				2415AA0A1D0181D0000223BB /* demo.flv in Resources */,
				24221D531D007CEB00265880 /* LaunchScreen.storyboard in Resources */,
				24221D501D007CEB00265880 /* Assets.xcassets in Resources */,
				24221D4E1D007CEB00265880 /* Main.storyboard in Resources */,
			);
			runOnlyForDeploymentPostprocessing = 0;
		};
/* End PBXResourcesBuildPhase section */

/* Begin PBXSourcesBuildPhase section */
		24221D411D007CEB00265880 /* Sources */ = {
			isa = PBXSourcesBuildPhase;
			buildActionMask = 2147483647;
			files = (
				24221D6A1D007D2E00265880 /* amf.c in Sources */,
				24221D6E1D007D2E00265880 /* rtmp.c in Sources */,
				24221D6D1D007D2E00265880 /* parseurl.c in Sources */,
				24221D4B1D007CEB00265880 /* ViewController.swift in Sources */,
				24221D6C1D007D2E00265880 /* log.c in Sources */,
				24221D701D007D8700265880 /* RTMPClient.swift in Sources */,
				24221D6B1D007D2E00265880 /* hashswf.c in Sources */,
				24221D491D007CEB00265880 /* AppDelegate.swift in Sources */,
			);
			runOnlyForDeploymentPostprocessing = 0;
		};
/* End PBXSourcesBuildPhase section */

/* Begin PBXVariantGroup section */
		24221D4C1D007CEB00265880 /* Main.storyboard */ = {
			isa = PBXVariantGroup;
			children = (
				24221D4D1D007CEB00265880 /* Base */,
			);
			name = Main.storyboard;
			sourceTree = "<group>";
		};
		24221D511D007CEB00265880 /* LaunchScreen.storyboard */ = {
			isa = PBXVariantGroup;
			children = (
				24221D521D007CEB00265880 /* Base */,
			);
			name = LaunchScreen.storyboard;
			sourceTree = "<group>";
		};
/* End PBXVariantGroup section */

/* Begin XCBuildConfiguration section */
		24221D551D007CEB00265880 /* Debug */ = {
			isa = XCBuildConfiguration;
			buildSettings = {
				ALWAYS_SEARCH_USER_PATHS = NO;
				CLANG_ANALYZER_NONNULL = YES;
				CLANG_CXX_LANGUAGE_STANDARD = "gnu++0x";
				CLANG_CXX_LIBRARY = "libc++";
				CLANG_ENABLE_MODULES = YES;
				CLANG_ENABLE_OBJC_ARC = YES;
				CLANG_WARN_BOOL_CONVERSION = YES;
				CLANG_WARN_CONSTANT_CONVERSION = YES;
				CLANG_WARN_DIRECT_OBJC_ISA_USAGE = YES_ERROR;
				CLANG_WARN_EMPTY_BODY = YES;
				CLANG_WARN_ENUM_CONVERSION = YES;
				CLANG_WARN_INT_CONVERSION = YES;
				CLANG_WARN_OBJC_ROOT_CLASS = YES_ERROR;
				CLANG_WARN_UNREACHABLE_CODE = YES;
				CLANG_WARN__DUPLICATE_METHOD_MATCH = YES;
				"CODE_SIGN_IDENTITY[sdk=iphoneos*]" = "iPhone Developer";
				COPY_PHASE_STRIP = NO;
				DEBUG_INFORMATION_FORMAT = dwarf;
				ENABLE_STRICT_OBJC_MSGSEND = YES;
				ENABLE_TESTABILITY = YES;
				GCC_C_LANGUAGE_STANDARD = gnu99;
				GCC_DYNAMIC_NO_PIC = NO;
				GCC_NO_COMMON_BLOCKS = YES;
				GCC_OPTIMIZATION_LEVEL = 0;
				GCC_PREPROCESSOR_DEFINITIONS = (
					"DEBUG=1",
					"$(inherited)",
				);
				GCC_WARN_64_TO_32_BIT_CONVERSION = YES;
				GCC_WARN_ABOUT_RETURN_TYPE = YES_ERROR;
				GCC_WARN_UNDECLARED_SELECTOR = YES;
				GCC_WARN_UNINITIALIZED_AUTOS = YES_AGGRESSIVE;
				GCC_WARN_UNUSED_FUNCTION = YES;
				GCC_WARN_UNUSED_VARIABLE = YES;
				IPHONEOS_DEPLOYMENT_TARGET = 9.3;
				MTL_ENABLE_DEBUG_INFO = YES;
				ONLY_ACTIVE_ARCH = YES;
				SDKROOT = iphoneos;
				SWIFT_OPTIMIZATION_LEVEL = "-Onone";
			};
			name = Debug;
		};
		24221D561D007CEB00265880 /* Release */ = {
			isa = XCBuildConfiguration;
			buildSettings = {
				ALWAYS_SEARCH_USER_PATHS = NO;
				CLANG_ANALYZER_NONNULL = YES;
				CLANG_CXX_LANGUAGE_STANDARD = "gnu++0x";
				CLANG_CXX_LIBRARY = "libc++";
				CLANG_ENABLE_MODULES = YES;
				CLANG_ENABLE_OBJC_ARC = YES;
				CLANG_WARN_BOOL_CONVERSION = YES;
				CLANG_WARN_CONSTANT_CONVERSION = YES;
				CLANG_WARN_DIRECT_OBJC_ISA_USAGE = YES_ERROR;
				CLANG_WARN_EMPTY_BODY = YES;
				CLANG_WARN_ENUM_CONVERSION = YES;
				CLANG_WARN_INT_CONVERSION = YES;
				CLANG_WARN_OBJC_ROOT_CLASS = YES_ERROR;
				CLANG_WARN_UNREACHABLE_CODE = YES;
				CLANG_WARN__DUPLICATE_METHOD_MATCH = YES;
				"CODE_SIGN_IDENTITY[sdk=iphoneos*]" = "iPhone Developer";
				COPY_PHASE_STRIP = NO;
				DEBUG_INFORMATION_FORMAT = "dwarf-with-dsym";
				ENABLE_NS_ASSERTIONS = NO;
				ENABLE_STRICT_OBJC_MSGSEND = YES;
				GCC_C_LANGUAGE_STANDARD = gnu99;
				GCC_NO_COMMON_BLOCKS = YES;
				GCC_WARN_64_TO_32_BIT_CONVERSION = YES;
				GCC_WARN_ABOUT_RETURN_TYPE = YES_ERROR;
				GCC_WARN_UNDECLARED_SELECTOR = YES;
				GCC_WARN_UNINITIALIZED_AUTOS = YES_AGGRESSIVE;
				GCC_WARN_UNUSED_FUNCTION = YES;
				GCC_WARN_UNUSED_VARIABLE = YES;
				IPHONEOS_DEPLOYMENT_TARGET = 9.3;
				MTL_ENABLE_DEBUG_INFO = NO;
				SDKROOT = iphoneos;
				VALIDATE_PRODUCT = YES;
			};
			name = Release;
		};
		24221D581D007CEB00265880 /* Debug */ = {
			isa = XCBuildConfiguration;
			buildSettings = {
				ASSETCATALOG_COMPILER_APPICON_NAME = AppIcon;
				CLANG_ENABLE_MODULES = YES;
				CODE_SIGN_IDENTITY = "iPhone Developer";
				"CODE_SIGN_IDENTITY[sdk=iphoneos*]" = "iPhone Developer";
				INFOPLIST_FILE = librtmpDemo/Info.plist;
				IPHONEOS_DEPLOYMENT_TARGET = 8.0;
				LD_RUNPATH_SEARCH_PATHS = "$(inherited) @executable_path/Frameworks";
				PRODUCT_BUNDLE_IDENTIFIER = swiftc.org.librtmpDemo;
				PRODUCT_NAME = "$(TARGET_NAME)";
				PROVISIONING_PROFILE = "";
				SWIFT_OBJC_BRIDGING_HEADER = "librtmpDemo/librtmpDemo-Bridging-Header.h";
				SWIFT_OPTIMIZATION_LEVEL = "-Onone";
				TARGETED_DEVICE_FAMILY = "1,2";
			};
			name = Debug;
		};
		24221D591D007CEB00265880 /* Release */ = {
			isa = XCBuildConfiguration;
			buildSettings = {
				ASSETCATALOG_COMPILER_APPICON_NAME = AppIcon;
				CLANG_ENABLE_MODULES = YES;
				CODE_SIGN_IDENTITY = "iPhone Developer";
				"CODE_SIGN_IDENTITY[sdk=iphoneos*]" = "iPhone Developer";
				INFOPLIST_FILE = librtmpDemo/Info.plist;
				IPHONEOS_DEPLOYMENT_TARGET = 8.0;
				LD_RUNPATH_SEARCH_PATHS = "$(inherited) @executable_path/Frameworks";
				PRODUCT_BUNDLE_IDENTIFIER = swiftc.org.librtmpDemo;
				PRODUCT_NAME = "$(TARGET_NAME)";
				PROVISIONING_PROFILE = "";
				SWIFT_OBJC_BRIDGING_HEADER = "librtmpDemo/librtmpDemo-Bridging-Header.h";
				TARGETED_DEVICE_FAMILY = "1,2";
			};
			name = Release;
		};
/* End XCBuildConfiguration section */

/* Begin XCConfigurationList section */
		24221D401D007CEB00265880 /* Build configuration list for PBXProject "librtmpDemo" */ = {
			isa = XCConfigurationList;
			buildConfigurations = (
				24221D551D007CEB00265880 /* Debug */,
				24221D561D007CEB00265880 /* Release */,
			);
			defaultConfigurationIsVisible = 0;
			defaultConfigurationName = Release;
		};
		24221D571D007CEB00265880 /* Build configuration list for PBXNativeTarget "librtmpDemo" */ = {
			isa = XCConfigurationList;
			buildConfigurations = (
				24221D581D007CEB00265880 /* Debug */,
				24221D591D007CEB00265880 /* Release */,
			);
			defaultConfigurationIsVisible = 0;
			defaultConfigurationName = Release;
		};
/* End XCConfigurationList section */
	};
	rootObject = 24221D3D1D007CEB00265880 /* Project object */;
}
